
Microsoft Visual Studio Solution File, Format Version 12.00
# Visual Studio Version 16
VisualStudioVersion = 16.0.31624.102
MinimumVisualStudioVersion = 10.0.40219.1
Project("{FAE04EC0-301F-11D3-BF4B-00C04F79EFBC}") = "Аутентификация 2", "Аутентификация 2\Аутентификация 2.csproj", "{1E62343B-CD55-4644-9543-EA64D0F57359}"
EndProject
Global
	GlobalSection(SolutionConfigurationPlatforms) = preSolution
		Debug|Any CPU = Debug|Any CPU
		Release|Any CPU = Release|Any CPU
	EndGlobalSection
	GlobalSection(ProjectConfigurationPlatforms) = postSolution
		{1E62343B-CD55-4644-9543-EA64D0F57359}.Debug|Any CPU.ActiveCfg = Debug|Any CPU
		{1E62343B-CD55-4644-9543-EA64D0F57359}.Debug|Any CPU.Build.0 = Debug|Any CPU
		{1E62343B-CD55-4644-9543-EA64D0F57359}.Release|Any CPU.ActiveCfg = Release|Any CPU
		{1E62343B-CD55-4644-9543-EA64D0F57359}.Release|Any CPU.Build.0 = Release|Any CPU
	EndGlobalSection
	GlobalSection(SolutionProperties) = preSolution
		HideSolutionNode = FALSE
	EndGlobalSection
	GlobalSection(ExtensibilityGlobals) = postSolution
		SolutionGuid = {2A3EBBEA-8BD9-4535-B11E-9EA3F610D62E}
	EndGlobalSection
EndGlobal
